
Microsoft Visual Studio Solution File, Format Version 12.00
# Visual Studio Version 17
VisualStudioVersion = 17.6.33829.357
MinimumVisualStudioVersion = 10.0.40219.1
Project("{FAE04EC0-301F-11D3-BF4B-00C04F79EFBC}") = "ConversorDeMoedas", "ConversorDeMoedas\ConversorDeMoedas.csproj", "{57ED8CFF-F3CF-4864-878F-704393480235}"
EndProject
Global
	GlobalSection(SolutionConfigurationPlatforms) = preSolution
		Debug|Any CPU = Debug|Any CPU
		Release|Any CPU = Release|Any CPU
	EndGlobalSection
	GlobalSection(ProjectConfigurationPlatforms) = postSolution
		{57ED8CFF-F3CF-4864-878F-704393480235}.Debug|Any CPU.ActiveCfg = Debug|Any CPU
		{57ED8CFF-F3CF-4864-878F-704393480235}.Debug|Any CPU.Build.0 = Debug|Any CPU
		{57ED8CFF-F3CF-4864-878F-704393480235}.Release|Any CPU.ActiveCfg = Release|Any CPU
		{57ED8CFF-F3CF-4864-878F-704393480235}.Release|Any CPU.Build.0 = Release|Any CPU
	EndGlobalSection
	GlobalSection(SolutionProperties) = preSolution
		HideSolutionNode = FALSE
	EndGlobalSection
	GlobalSection(ExtensibilityGlobals) = postSolution
		SolutionGuid = {33C191D3-FADF-49CC-A27C-4E982739E2D9}
	EndGlobalSection
EndGlobal
