
Microsoft Visual Studio Solution File, Format Version 12.00
# Visual Studio Version 17
VisualStudioVersion = 17.6.33829.357
MinimumVisualStudioVersion = 10.0.40219.1
Project("{FAE04EC0-301F-11D3-BF4B-00C04F79EFBC}") = "Calculadora", "Calculadora\Calculadora.csproj", "{1A5A40F7-201A-4FF8-83B5-E7FBAE07C1B3}"
EndProject
Global
	GlobalSection(SolutionConfigurationPlatforms) = preSolution
		Debug|Any CPU = Debug|Any CPU
		Release|Any CPU = Release|Any CPU
	EndGlobalSection
	GlobalSection(ProjectConfigurationPlatforms) = postSolution
		{1A5A40F7-201A-4FF8-83B5-E7FBAE07C1B3}.Debug|Any CPU.ActiveCfg = Debug|Any CPU
		{1A5A40F7-201A-4FF8-83B5-E7FBAE07C1B3}.Debug|Any CPU.Build.0 = Debug|Any CPU
		{1A5A40F7-201A-4FF8-83B5-E7FBAE07C1B3}.Release|Any CPU.ActiveCfg = Release|Any CPU
		{1A5A40F7-201A-4FF8-83B5-E7FBAE07C1B3}.Release|Any CPU.Build.0 = Release|Any CPU
	EndGlobalSection
	GlobalSection(SolutionProperties) = preSolution
		HideSolutionNode = FALSE
	EndGlobalSection
	GlobalSection(ExtensibilityGlobals) = postSolution
		SolutionGuid = {C528A236-F321-41A3-A89D-C1780CFB70A0}
	EndGlobalSection
EndGlobal
