
Microsoft Visual Studio Solution File, Format Version 12.00
# Visual Studio Version 17
VisualStudioVersion = 17.6.33829.357
MinimumVisualStudioVersion = 10.0.40219.1
Project("{FAE04EC0-301F-11D3-BF4B-00C04F79EFBC}") = "TreinandoSwitch", "TreinandoSwitch\TreinandoSwitch.csproj", "{5DEF0C37-8A95-43F4-99F1-4F1B503C85DD}"
EndProject
Global
	GlobalSection(SolutionConfigurationPlatforms) = preSolution
		Debug|Any CPU = Debug|Any CPU
		Release|Any CPU = Release|Any CPU
	EndGlobalSection
	GlobalSection(ProjectConfigurationPlatforms) = postSolution
		{5DEF0C37-8A95-43F4-99F1-4F1B503C85DD}.Debug|Any CPU.ActiveCfg = Debug|Any CPU
		{5DEF0C37-8A95-43F4-99F1-4F1B503C85DD}.Debug|Any CPU.Build.0 = Debug|Any CPU
		{5DEF0C37-8A95-43F4-99F1-4F1B503C85DD}.Release|Any CPU.ActiveCfg = Release|Any CPU
		{5DEF0C37-8A95-43F4-99F1-4F1B503C85DD}.Release|Any CPU.Build.0 = Release|Any CPU
	EndGlobalSection
	GlobalSection(SolutionProperties) = preSolution
		HideSolutionNode = FALSE
	EndGlobalSection
	GlobalSection(ExtensibilityGlobals) = postSolution
		SolutionGuid = {FB8DCCB3-2D1A-4487-8C36-710C56E0F29A}
	EndGlobalSection
EndGlobal
