
Microsoft Visual Studio Solution File, Format Version 12.00
# Visual Studio Version 17
VisualStudioVersion = 17.6.33829.357
MinimumVisualStudioVersion = 10.0.40219.1
Project("{FAE04EC0-301F-11D3-BF4B-00C04F79EFBC}") = "SistemaCalculadoraPreço", "SistemaCalculadoraPreço\SistemaCalculadoraPreço.csproj", "{A10DA7D7-2A75-4F43-811B-0C7743B176DC}"
EndProject
Global
	GlobalSection(SolutionConfigurationPlatforms) = preSolution
		Debug|Any CPU = Debug|Any CPU
		Release|Any CPU = Release|Any CPU
	EndGlobalSection
	GlobalSection(ProjectConfigurationPlatforms) = postSolution
		{A10DA7D7-2A75-4F43-811B-0C7743B176DC}.Debug|Any CPU.ActiveCfg = Debug|Any CPU
		{A10DA7D7-2A75-4F43-811B-0C7743B176DC}.Debug|Any CPU.Build.0 = Debug|Any CPU
		{A10DA7D7-2A75-4F43-811B-0C7743B176DC}.Release|Any CPU.ActiveCfg = Release|Any CPU
		{A10DA7D7-2A75-4F43-811B-0C7743B176DC}.Release|Any CPU.Build.0 = Release|Any CPU
	EndGlobalSection
	GlobalSection(SolutionProperties) = preSolution
		HideSolutionNode = FALSE
	EndGlobalSection
	GlobalSection(ExtensibilityGlobals) = postSolution
		SolutionGuid = {5F0BAF00-C256-4553-AEE0-6E6CA6391C89}
	EndGlobalSection
EndGlobal
